
Microsoft Visual Studio Solution File, Format Version 12.00
# Visual Studio Version 16
VisualStudioVersion = 16.0.31229.75
MinimumVisualStudioVersion = 10.0.40219.1
Project("{FAE04EC0-301F-11D3-BF4B-00C04F79EFBC}") = "CSharp_CallOpenWeatherAPIAssignment", "CSharp_CallOpenWeatherAPIAssignment\CSharp_CallOpenWeatherAPIAssignment.csproj", "{A511103C-154A-4A0E-AFC1-8F72FB325A17}"
EndProject
Global
	GlobalSection(SolutionConfigurationPlatforms) = preSolution
		Debug|Any CPU = Debug|Any CPU
		Release|Any CPU = Release|Any CPU
	EndGlobalSection
	GlobalSection(ProjectConfigurationPlatforms) = postSolution
		{A511103C-154A-4A0E-AFC1-8F72FB325A17}.Debug|Any CPU.ActiveCfg = Debug|Any CPU
		{A511103C-154A-4A0E-AFC1-8F72FB325A17}.Debug|Any CPU.Build.0 = Debug|Any CPU
		{A511103C-154A-4A0E-AFC1-8F72FB325A17}.Release|Any CPU.ActiveCfg = Release|Any CPU
		{A511103C-154A-4A0E-AFC1-8F72FB325A17}.Release|Any CPU.Build.0 = Release|Any CPU
	EndGlobalSection
	GlobalSection(SolutionProperties) = preSolution
		HideSolutionNode = FALSE
	EndGlobalSection
	GlobalSection(ExtensibilityGlobals) = postSolution
		SolutionGuid = {D4B70778-811C-4F5C-8084-408F8847D9D2}
	EndGlobalSection
EndGlobal
